
Microsoft Visual Studio Solution File, Format Version 12.00
# Visual Studio Version 16
VisualStudioVersion = 16.0.31025.194
MinimumVisualStudioVersion = 10.0.40219.1
Project("{FAE04EC0-301F-11D3-BF4B-00C04F79EFBC}") = "FirstApp.Android", "FirstApp\FirstApp.Android\FirstApp.Android.csproj", "{6BC07A1A-77AE-477F-8E9B-1A91C99D696B}"
EndProject
Project("{FAE04EC0-301F-11D3-BF4B-00C04F79EFBC}") = "FirstApp.iOS", "FirstApp\FirstApp.iOS\FirstApp.iOS.csproj", "{A9D8A73B-4FAA-4F00-A2C1-EB4E4EC76928}"
EndProject
Project("{FAE04EC0-301F-11D3-BF4B-00C04F79EFBC}") = "FirstApp", "FirstApp\FirstApp\FirstApp.csproj", "{138EB45B-D74E-499B-8D00-BC5D0F34F51D}"
EndProject
Global
	GlobalSection(SolutionConfigurationPlatforms) = preSolution
		Debug|Any CPU = Debug|Any CPU
		Debug|iPhone = Debug|iPhone
		Debug|iPhoneSimulator = Debug|iPhoneSimulator
		Release|Any CPU = Release|Any CPU
		Release|iPhone = Release|iPhone
		Release|iPhoneSimulator = Release|iPhoneSimulator
	EndGlobalSection
	GlobalSection(ProjectConfigurationPlatforms) = postSolution
		{6BC07A1A-77AE-477F-8E9B-1A91C99D696B}.Debug|Any CPU.ActiveCfg = Debug|Any CPU
		{6BC07A1A-77AE-477F-8E9B-1A91C99D696B}.Debug|Any CPU.Build.0 = Debug|Any CPU
		{6BC07A1A-77AE-477F-8E9B-1A91C99D696B}.Debug|Any CPU.Deploy.0 = Debug|Any CPU
		{6BC07A1A-77AE-477F-8E9B-1A91C99D696B}.Debug|iPhone.ActiveCfg = Debug|Any CPU
		{6BC07A1A-77AE-477F-8E9B-1A91C99D696B}.Debug|iPhone.Build.0 = Debug|Any CPU
		{6BC07A1A-77AE-477F-8E9B-1A91C99D696B}.Debug|iPhone.Deploy.0 = Debug|Any CPU
		{6BC07A1A-77AE-477F-8E9B-1A91C99D696B}.Debug|iPhoneSimulator.ActiveCfg = Debug|Any CPU
		{6BC07A1A-77AE-477F-8E9B-1A91C99D696B}.Debug|iPhoneSimulator.Build.0 = Debug|Any CPU
		{6BC07A1A-77AE-477F-8E9B-1A91C99D696B}.Debug|iPhoneSimulator.Deploy.0 = Debug|Any CPU
		{6BC07A1A-77AE-477F-8E9B-1A91C99D696B}.Release|Any CPU.ActiveCfg = Release|Any CPU
		{6BC07A1A-77AE-477F-8E9B-1A91C99D696B}.Release|Any CPU.Build.0 = Release|Any CPU
		{6BC07A1A-77AE-477F-8E9B-1A91C99D696B}.Release|Any CPU.Deploy.0 = Release|Any CPU
		{6BC07A1A-77AE-477F-8E9B-1A91C99D696B}.Release|iPhone.ActiveCfg = Release|Any CPU
		{6BC07A1A-77AE-477F-8E9B-1A91C99D696B}.Release|iPhone.Build.0 = Release|Any CPU
		{6BC07A1A-77AE-477F-8E9B-1A91C99D696B}.Release|iPhone.Deploy.0 = Release|Any CPU
		{6BC07A1A-77AE-477F-8E9B-1A91C99D696B}.Release|iPhoneSimulator.ActiveCfg = Release|Any CPU
		{6BC07A1A-77AE-477F-8E9B-1A91C99D696B}.Release|iPhoneSimulator.Build.0 = Release|Any CPU
		{6BC07A1A-77AE-477F-8E9B-1A91C99D696B}.Release|iPhoneSimulator.Deploy.0 = Release|Any CPU
		{A9D8A73B-4FAA-4F00-A2C1-EB4E4EC76928}.Debug|Any CPU.ActiveCfg = Debug|iPhone
		{A9D8A73B-4FAA-4F00-A2C1-EB4E4EC76928}.Debug|Any CPU.Build.0 = Debug|iPhone
		{A9D8A73B-4FAA-4F00-A2C1-EB4E4EC76928}.Debug|Any CPU.Deploy.0 = Debug|iPhone
		{A9D8A73B-4FAA-4F00-A2C1-EB4E4EC76928}.Debug|iPhone.ActiveCfg = Debug|iPhone
		{A9D8A73B-4FAA-4F00-A2C1-EB4E4EC76928}.Debug|iPhone.Build.0 = Debug|iPhone
		{A9D8A73B-4FAA-4F00-A2C1-EB4E4EC76928}.Debug|iPhone.Deploy.0 = Debug|iPhone
		{A9D8A73B-4FAA-4F00-A2C1-EB4E4EC76928}.Debug|iPhoneSimulator.ActiveCfg = Debug|iPhoneSimulator
		{A9D8A73B-4FAA-4F00-A2C1-EB4E4EC76928}.Debug|iPhoneSimulator.Build.0 = Debug|iPhoneSimulator
		{A9D8A73B-4FAA-4F00-A2C1-EB4E4EC76928}.Debug|iPhoneSimulator.Deploy.0 = Debug|iPhoneSimulator
		{A9D8A73B-4FAA-4F00-A2C1-EB4E4EC76928}.Release|Any CPU.ActiveCfg = Release|iPhoneSimulator
		{A9D8A73B-4FAA-4F00-A2C1-EB4E4EC76928}.Release|Any CPU.Build.0 = Release|iPhoneSimulator
		{A9D8A73B-4FAA-4F00-A2C1-EB4E4EC76928}.Release|Any CPU.Deploy.0 = Release|iPhoneSimulator
		{A9D8A73B-4FAA-4F00-A2C1-EB4E4EC76928}.Release|iPhone.ActiveCfg = Release|iPhone
		{A9D8A73B-4FAA-4F00-A2C1-EB4E4EC76928}.Release|iPhone.Build.0 = Release|iPhone
		{A9D8A73B-4FAA-4F00-A2C1-EB4E4EC76928}.Release|iPhone.Deploy.0 = Release|iPhone
		{A9D8A73B-4FAA-4F00-A2C1-EB4E4EC76928}.Release|iPhoneSimulator.ActiveCfg = Release|iPhoneSimulator
		{A9D8A73B-4FAA-4F00-A2C1-EB4E4EC76928}.Release|iPhoneSimulator.Build.0 = Release|iPhoneSimulator
		{A9D8A73B-4FAA-4F00-A2C1-EB4E4EC76928}.Release|iPhoneSimulator.Deploy.0 = Release|iPhoneSimulator
		{138EB45B-D74E-499B-8D00-BC5D0F34F51D}.Debug|Any CPU.ActiveCfg = Debug|Any CPU
		{138EB45B-D74E-499B-8D00-BC5D0F34F51D}.Debug|Any CPU.Build.0 = Debug|Any CPU
		{138EB45B-D74E-499B-8D00-BC5D0F34F51D}.Debug|Any CPU.Deploy.0 = Debug|Any CPU
		{138EB45B-D74E-499B-8D00-BC5D0F34F51D}.Debug|iPhone.ActiveCfg = Debug|Any CPU
		{138EB45B-D74E-499B-8D00-BC5D0F34F51D}.Debug|iPhone.Build.0 = Debug|Any CPU
		{138EB45B-D74E-499B-8D00-BC5D0F34F51D}.Debug|iPhone.Deploy.0 = Debug|Any CPU
		{138EB45B-D74E-499B-8D00-BC5D0F34F51D}.Debug|iPhoneSimulator.ActiveCfg = Debug|Any CPU
		{138EB45B-D74E-499B-8D00-BC5D0F34F51D}.Debug|iPhoneSimulator.Build.0 = Debug|Any CPU
		{138EB45B-D74E-499B-8D00-BC5D0F34F51D}.Debug|iPhoneSimulator.Deploy.0 = Debug|Any CPU
		{138EB45B-D74E-499B-8D00-BC5D0F34F51D}.Release|Any CPU.ActiveCfg = Release|Any CPU
		{138EB45B-D74E-499B-8D00-BC5D0F34F51D}.Release|Any CPU.Build.0 = Release|Any CPU
		{138EB45B-D74E-499B-8D00-BC5D0F34F51D}.Release|Any CPU.Deploy.0 = Release|Any CPU
		{138EB45B-D74E-499B-8D00-BC5D0F34F51D}.Release|iPhone.ActiveCfg = Release|Any CPU
		{138EB45B-D74E-499B-8D00-BC5D0F34F51D}.Release|iPhone.Build.0 = Release|Any CPU
		{138EB45B-D74E-499B-8D00-BC5D0F34F51D}.Release|iPhone.Deploy.0 = Release|Any CPU
		{138EB45B-D74E-499B-8D00-BC5D0F34F51D}.Release|iPhoneSimulator.ActiveCfg = Release|Any CPU
		{138EB45B-D74E-499B-8D00-BC5D0F34F51D}.Release|iPhoneSimulator.Build.0 = Release|Any CPU
		{138EB45B-D74E-499B-8D00-BC5D0F34F51D}.Release|iPhoneSimulator.Deploy.0 = Release|Any CPU
	EndGlobalSection
	GlobalSection(SolutionProperties) = preSolution
		HideSolutionNode = FALSE
	EndGlobalSection
	GlobalSection(ExtensibilityGlobals) = postSolution
		SolutionGuid = {2D4852EB-0027-4DDA-9E83-EFCA45C93F4B}
	EndGlobalSection
EndGlobal
