
Microsoft Visual Studio Solution File, Format Version 12.00
# Visual Studio Version 16
VisualStudioVersion = 16.0.31025.194
MinimumVisualStudioVersion = 10.0.40219.1
Project("{FAE04EC0-301F-11D3-BF4B-00C04F79EFBC}") = "Rectangle_MouseEvents", "Rectangle_MouseEvents\Rectangle_MouseEvents.csproj", "{0A4FD7AE-0B56-4C78-9F81-7A835739C853}"
EndProject
Global
	GlobalSection(SolutionConfigurationPlatforms) = preSolution
		Debug|Any CPU = Debug|Any CPU
		Release|Any CPU = Release|Any CPU
	EndGlobalSection
	GlobalSection(ProjectConfigurationPlatforms) = postSolution
		{0A4FD7AE-0B56-4C78-9F81-7A835739C853}.Debug|Any CPU.ActiveCfg = Debug|Any CPU
		{0A4FD7AE-0B56-4C78-9F81-7A835739C853}.Debug|Any CPU.Build.0 = Debug|Any CPU
		{0A4FD7AE-0B56-4C78-9F81-7A835739C853}.Release|Any CPU.ActiveCfg = Release|Any CPU
		{0A4FD7AE-0B56-4C78-9F81-7A835739C853}.Release|Any CPU.Build.0 = Release|Any CPU
	EndGlobalSection
	GlobalSection(SolutionProperties) = preSolution
		HideSolutionNode = FALSE
	EndGlobalSection
	GlobalSection(ExtensibilityGlobals) = postSolution
		SolutionGuid = {C281B67B-AEF2-42C9-B8F4-4DD3F97E3928}
	EndGlobalSection
EndGlobal
